{
  "nodes": {
    "nixpkgs": {
      "locked": {
        "lastModified": 1759060268,
        "narHash": "sha256-rfGH7XL9NcwvhHDyfSqzVnHxDngwK06NLR/k4b2KCRQ=",
        "owner": "NixOS",
        "repo": "nixpkgs",
        "rev": "cf22f7ad127fdd2d018de5a92055462a74fd7568",
        "type": "github"
      },
      "original": {
        "owner": "NixOS",
        "ref": "release-25.05",
        "repo": "nixpkgs",
        "type": "github"
      }
    },
    "root": {
      "inputs": {
        "nixpkgs": "nixpkgs"
      }
    }
  },
  "root": "root",
  "version": 7
}
